
Microsoft Visual Studio Solution File, Format Version 12.00
# Visual Studio 14
VisualStudioVersion = 14.0.23107.0
MinimumVisualStudioVersion = 10.0.40219.1
Project("{FAE04EC0-301F-11D3-BF4B-00C04F79EFBC}") = "LTPopup", "LTPopup.csproj", "{9474EE73-4AB1-424F-876B-9C5EA410C164}"
EndProject
Global
	GlobalSection(SolutionConfigurationPlatforms) = preSolution
		Debug|Any CPU = Debug|Any CPU
		Release|Any CPU = Release|Any CPU
	EndGlobalSection
	GlobalSection(ProjectConfigurationPlatforms) = postSolution
		{9474EE73-4AB1-424F-876B-9C5EA410C164}.Debug|Any CPU.ActiveCfg = Debug|Any CPU
		{9474EE73-4AB1-424F-876B-9C5EA410C164}.Debug|Any CPU.Build.0 = Debug|Any CPU
		{9474EE73-4AB1-424F-876B-9C5EA410C164}.Release|Any CPU.ActiveCfg = Release|Any CPU
		{9474EE73-4AB1-424F-876B-9C5EA410C164}.Release|Any CPU.Build.0 = Release|Any CPU
	EndGlobalSection
	GlobalSection(SolutionProperties) = preSolution
		HideSolutionNode = FALSE
	EndGlobalSection
EndGlobal
